// !$*UTF8*$!
{
	archiveVersion = 1;
	classes = {
	};
	objectVersion = 55;
	objects = {

/* Begin PBXBuildFile section */
		F6349DCA2899F6C5004B37BF /* AppDelegate.swift in Sources */ = {isa = PBXBuildFile; fileRef = F6349DC92899F6C5004B37BF /* AppDelegate.swift */; };
		F6349DCC2899F6C5004B37BF /* SceneDelegate.swift in Sources */ = {isa = PBXBuildFile; fileRef = F6349DCB2899F6C5004B37BF /* SceneDelegate.swift */; };
		F6349DCE2899F6C5004B37BF /* ViewController.swift in Sources */ = {isa = PBXBuildFile; fileRef = F6349DCD2899F6C5004B37BF /* ViewController.swift */; };
		F6349DD12899F6C5004B37BF /* Main.storyboard in Resources */ = {isa = PBXBuildFile; fileRef = F6349DCF2899F6C5004B37BF /* Main.storyboard */; };
		F6349DD32899F6C6004B37BF /* Assets.xcassets in Resources */ = {isa = PBXBuildFile; fileRef = F6349DD22899F6C6004B37BF /* Assets.xcassets */; };
		F6349DD62899F6C6004B37BF /* LaunchScreen.storyboard in Resources */ = {isa = PBXBuildFile; fileRef = F6349DD42899F6C6004B37BF /* LaunchScreen.storyboard */; };
		F6349DDE2899F7D3004B37BF /* .gitignore in Resources */ = {isa = PBXBuildFile; fileRef = F6349DDD2899F7D3004B37BF /* .gitignore */; };
		F6349DE92899FAAF004B37BF /* Example.swift in Sources */ = {isa = PBXBuildFile; fileRef = F6349DE82899FAAF004B37BF /* Example.swift */; };
		F6AA5A3E289FD30D00440730 /* APIManagers.swift in Sources */ = {isa = PBXBuildFile; fileRef = F6AA5A3D289FD30D00440730 /* APIManagers.swift */; };
		F6AA5A40289FF7EA00440730 /* OverViewTableViewCell.swift in Sources */ = {isa = PBXBuildFile; fileRef = F6AA5A3F289FF7EA00440730 /* OverViewTableViewCell.swift */; };
		F6AA5A42289FF7F700440730 /* CastTableViewCell.swift in Sources */ = {isa = PBXBuildFile; fileRef = F6AA5A41289FF7F700440730 /* CastTableViewCell.swift */; };
		F6B4E67F289AB26A006C0D52 /* MovieCollectionViewCell.swift in Sources */ = {isa = PBXBuildFile; fileRef = F6B4E67D289AB26A006C0D52 /* MovieCollectionViewCell.swift */; };
		F6B4E680289AB26A006C0D52 /* MovieCollectionViewCell.xib in Resources */ = {isa = PBXBuildFile; fileRef = F6B4E67E289AB26A006C0D52 /* MovieCollectionViewCell.xib */; };
		F6B4E682289AB27F006C0D52 /* MovieModel.swift in Sources */ = {isa = PBXBuildFile; fileRef = F6B4E681289AB27F006C0D52 /* MovieModel.swift */; };
		F6B4E685289AB55A006C0D52 /* Alamofire in Frameworks */ = {isa = PBXBuildFile; productRef = F6B4E684289AB55A006C0D52 /* Alamofire */; };
		F6B4E688289AB568006C0D52 /* SwiftyJSON in Frameworks */ = {isa = PBXBuildFile; productRef = F6B4E687289AB568006C0D52 /* SwiftyJSON */; };
		F6B4E68B289AB575006C0D52 /* Kingfisher in Frameworks */ = {isa = PBXBuildFile; productRef = F6B4E68A289AB575006C0D52 /* Kingfisher */; };
		F6B4E68E289AB5E4006C0D52 /* IQKeyboardManagerSwift in Frameworks */ = {isa = PBXBuildFile; productRef = F6B4E68D289AB5E4006C0D52 /* IQKeyboardManagerSwift */; };
		F6B4E691289AB5FB006C0D52 /* TextFieldEffects in Frameworks */ = {isa = PBXBuildFile; productRef = F6B4E690289AB5FB006C0D52 /* TextFieldEffects */; };
		F6B4E698289AC489006C0D52 /* Key.swift in Sources */ = {isa = PBXBuildFile; fileRef = F6B4E697289AC489006C0D52 /* Key.swift */; };
		F6B4E69D289BCA4A006C0D52 /* DetailViewController.swift in Sources */ = {isa = PBXBuildFile; fileRef = F6B4E69C289BCA4A006C0D52 /* DetailViewController.swift */; };
/* End PBXBuildFile section */

/* Begin PBXFileReference section */
		F6349DC62899F6C5004B37BF /* SeSAC Week5 TMDB API.app */ = {isa = PBXFileReference; explicitFileType = wrapper.application; includeInIndex = 0; path = "SeSAC Week5 TMDB API.app"; sourceTree = BUILT_PRODUCTS_DIR; };
		F6349DC92899F6C5004B37BF /* AppDelegate.swift */ = {isa = PBXFileReference; lastKnownFileType = sourcecode.swift; path = AppDelegate.swift; sourceTree = "<group>"; };
		F6349DCB2899F6C5004B37BF /* SceneDelegate.swift */ = {isa = PBXFileReference; lastKnownFileType = sourcecode.swift; path = SceneDelegate.swift; sourceTree = "<group>"; };
		F6349DCD2899F6C5004B37BF /* ViewController.swift */ = {isa = PBXFileReference; lastKnownFileType = sourcecode.swift; path = ViewController.swift; sourceTree = "<group>"; };
		F6349DD02899F6C5004B37BF /* Base */ = {isa = PBXFileReference; lastKnownFileType = file.storyboard; name = Base; path = Base.lproj/Main.storyboard; sourceTree = "<group>"; };
		F6349DD22899F6C6004B37BF /* Assets.xcassets */ = {isa = PBXFileReference; lastKnownFileType = folder.assetcatalog; path = Assets.xcassets; sourceTree = "<group>"; };
		F6349DD52899F6C6004B37BF /* Base */ = {isa = PBXFileReference; lastKnownFileType = file.storyboard; name = Base; path = Base.lproj/LaunchScreen.storyboard; sourceTree = "<group>"; };
		F6349DD72899F6C6004B37BF /* Info.plist */ = {isa = PBXFileReference; lastKnownFileType = text.plist.xml; path = Info.plist; sourceTree = "<group>"; };
		F6349DDD2899F7D3004B37BF /* .gitignore */ = {isa = PBXFileReference; lastKnownFileType = text; path = .gitignore; sourceTree = "<group>"; };
		F6349DE82899FAAF004B37BF /* Example.swift */ = {isa = PBXFileReference; lastKnownFileType = sourcecode.swift; path = Example.swift; sourceTree = "<group>"; };
		F6AA5A3D289FD30D00440730 /* APIManagers.swift */ = {isa = PBXFileReference; lastKnownFileType = sourcecode.swift; path = APIManagers.swift; sourceTree = "<group>"; };
		F6AA5A3F289FF7EA00440730 /* OverViewTableViewCell.swift */ = {isa = PBXFileReference; lastKnownFileType = sourcecode.swift; path = OverViewTableViewCell.swift; sourceTree = "<group>"; };
		F6AA5A41289FF7F700440730 /* CastTableViewCell.swift */ = {isa = PBXFileReference; lastKnownFileType = sourcecode.swift; path = CastTableViewCell.swift; sourceTree = "<group>"; };
		F6B4E67D289AB26A006C0D52 /* MovieCollectionViewCell.swift */ = {isa = PBXFileReference; lastKnownFileType = sourcecode.swift; path = MovieCollectionViewCell.swift; sourceTree = "<group>"; };
		F6B4E67E289AB26A006C0D52 /* MovieCollectionViewCell.xib */ = {isa = PBXFileReference; lastKnownFileType = file.xib; path = MovieCollectionViewCell.xib; sourceTree = "<group>"; };
		F6B4E681289AB27F006C0D52 /* MovieModel.swift */ = {isa = PBXFileReference; lastKnownFileType = sourcecode.swift; path = MovieModel.swift; sourceTree = "<group>"; };
		F6B4E697289AC489006C0D52 /* Key.swift */ = {isa = PBXFileReference; lastKnownFileType = sourcecode.swift; path = Key.swift; sourceTree = "<group>"; };
		F6B4E69C289BCA4A006C0D52 /* DetailViewController.swift */ = {isa = PBXFileReference; lastKnownFileType = sourcecode.swift; path = DetailViewController.swift; sourceTree = "<group>"; };
/* End PBXFileReference section */

/* Begin PBXFrameworksBuildPhase section */
		F6349DC32899F6C5004B37BF /* Frameworks */ = {
			isa = PBXFrameworksBuildPhase;
			buildActionMask = 2147483647;
			files = (
				F6B4E68B289AB575006C0D52 /* Kingfisher in Frameworks */,
				F6B4E68E289AB5E4006C0D52 /* IQKeyboardManagerSwift in Frameworks */,
				F6B4E688289AB568006C0D52 /* SwiftyJSON in Frameworks */,
				F6B4E685289AB55A006C0D52 /* Alamofire in Frameworks */,
				F6B4E691289AB5FB006C0D52 /* TextFieldEffects in Frameworks */,
			);
			runOnlyForDeploymentPostprocessing = 0;
		};
/* End PBXFrameworksBuildPhase section */

/* Begin PBXGroup section */
		F6349DBD2899F6C5004B37BF = {
			isa = PBXGroup;
			children = (
				F6349DDD2899F7D3004B37BF /* .gitignore */,
				F6349DC82899F6C5004B37BF /* SeSAC Week5 TMDB API */,
				F6349DC72899F6C5004B37BF /* Products */,
			);
			sourceTree = "<group>";
		};
		F6349DC72899F6C5004B37BF /* Products */ = {
			isa = PBXGroup;
			children = (
				F6349DC62899F6C5004B37BF /* SeSAC Week5 TMDB API.app */,
			);
			name = Products;
			sourceTree = "<group>";
		};
		F6349DC82899F6C5004B37BF /* SeSAC Week5 TMDB API */ = {
			isa = PBXGroup;
			children = (
				F6349DE72899FA9F004B37BF /* Resource */,
				F6349DE62899FA86004B37BF /* Key */,
				F6B4E692289AB609006C0D52 /* Model */,
				F6B4E694289AB64A006C0D52 /* View */,
				F6B4E693289AB60F006C0D52 /* Controller */,
				F6349DC92899F6C5004B37BF /* AppDelegate.swift */,
				F6349DCB2899F6C5004B37BF /* SceneDelegate.swift */,
				F6349DD22899F6C6004B37BF /* Assets.xcassets */,
				F6349DD42899F6C6004B37BF /* LaunchScreen.storyboard */,
				F6349DD72899F6C6004B37BF /* Info.plist */,
			);
			path = "SeSAC Week5 TMDB API";
			sourceTree = "<group>";
		};
		F6349DE62899FA86004B37BF /* Key */ = {
			isa = PBXGroup;
			children = (
				F6B4E697289AC489006C0D52 /* Key.swift */,
			);
			path = Key;
			sourceTree = "<group>";
		};
		F6349DE72899FA9F004B37BF /* Resource */ = {
			isa = PBXGroup;
			children = (
				F6349DE82899FAAF004B37BF /* Example.swift */,
			);
			path = Resource;
			sourceTree = "<group>";
		};
		F6B4E692289AB609006C0D52 /* Model */ = {
			isa = PBXGroup;
			children = (
				F6B4E681289AB27F006C0D52 /* MovieModel.swift */,
				F6AA5A3D289FD30D00440730 /* APIManagers.swift */,
			);
			path = Model;
			sourceTree = "<group>";
		};
		F6B4E693289AB60F006C0D52 /* Controller */ = {
			isa = PBXGroup;
			children = (
				F6349DCD2899F6C5004B37BF /* ViewController.swift */,
				F6B4E69C289BCA4A006C0D52 /* DetailViewController.swift */,
			);
			path = Controller;
			sourceTree = "<group>";
		};
		F6B4E694289AB64A006C0D52 /* View */ = {
			isa = PBXGroup;
			children = (
				F6B4E67D289AB26A006C0D52 /* MovieCollectionViewCell.swift */,
				F6AA5A3F289FF7EA00440730 /* OverViewTableViewCell.swift */,
				F6AA5A41289FF7F700440730 /* CastTableViewCell.swift */,
				F6B4E67E289AB26A006C0D52 /* MovieCollectionViewCell.xib */,
				F6349DCF2899F6C5004B37BF /* Main.storyboard */,
			);
			path = View;
			sourceTree = "<group>";
		};
/* End PBXGroup section */

/* Begin PBXNativeTarget section */
		F6349DC52899F6C5004B37BF /* SeSAC Week5 TMDB API */ = {
			isa = PBXNativeTarget;
			buildConfigurationList = F6349DDA2899F6C6004B37BF /* Build configuration list for PBXNativeTarget "SeSAC Week5 TMDB API" */;
			buildPhases = (
				F6349DC22899F6C5004B37BF /* Sources */,
				F6349DC32899F6C5004B37BF /* Frameworks */,
				F6349DC42899F6C5004B37BF /* Resources */,
			);
			buildRules = (
			);
			dependencies = (
			);
			name = "SeSAC Week5 TMDB API";
			packageProductDependencies = (
				F6B4E684289AB55A006C0D52 /* Alamofire */,
				F6B4E687289AB568006C0D52 /* SwiftyJSON */,
				F6B4E68A289AB575006C0D52 /* Kingfisher */,
				F6B4E68D289AB5E4006C0D52 /* IQKeyboardManagerSwift */,
				F6B4E690289AB5FB006C0D52 /* TextFieldEffects */,
			);
			productName = "SeSAC Week5 TMDB API";
			productReference = F6349DC62899F6C5004B37BF /* SeSAC Week5 TMDB API.app */;
			productType = "com.apple.product-type.application";
		};
/* End PBXNativeTarget section */

/* Begin PBXProject section */
		F6349DBE2899F6C5004B37BF /* Project object */ = {
			isa = PBXProject;
			attributes = {
				BuildIndependentTargetsInParallel = 1;
				LastSwiftUpdateCheck = 1330;
				LastUpgradeCheck = 1330;
				TargetAttributes = {
					F6349DC52899F6C5004B37BF = {
						CreatedOnToolsVersion = 13.3.1;
					};
				};
			};
			buildConfigurationList = F6349DC12899F6C5004B37BF /* Build configuration list for PBXProject "SeSAC Week5 TMDB API" */;
			compatibilityVersion = "Xcode 13.0";
			developmentRegion = en;
			hasScannedForEncodings = 0;
			knownRegions = (
				en,
				Base,
			);
			mainGroup = F6349DBD2899F6C5004B37BF;
			packageReferences = (
				F6B4E683289AB55A006C0D52 /* XCRemoteSwiftPackageReference "Alamofire" */,
				F6B4E686289AB568006C0D52 /* XCRemoteSwiftPackageReference "SwiftyJSON" */,
				F6B4E689289AB575006C0D52 /* XCRemoteSwiftPackageReference "Kingfisher" */,
				F6B4E68C289AB5E4006C0D52 /* XCRemoteSwiftPackageReference "IQKeyboardManager" */,
				F6B4E68F289AB5FB006C0D52 /* XCRemoteSwiftPackageReference "TextFieldEffects" */,
			);
			productRefGroup = F6349DC72899F6C5004B37BF /* Products */;
			projectDirPath = "";
			projectRoot = "";
			targets = (
				F6349DC52899F6C5004B37BF /* SeSAC Week5 TMDB API */,
			);
		};
/* End PBXProject section */

/* Begin PBXResourcesBuildPhase section */
		F6349DC42899F6C5004B37BF /* Resources */ = {
			isa = PBXResourcesBuildPhase;
			buildActionMask = 2147483647;
			files = (
				F6B4E680289AB26A006C0D52 /* MovieCollectionViewCell.xib in Resources */,
				F6349DDE2899F7D3004B37BF /* .gitignore in Resources */,
				F6349DD62899F6C6004B37BF /* LaunchScreen.storyboard in Resources */,
				F6349DD32899F6C6004B37BF /* Assets.xcassets in Resources */,
				F6349DD12899F6C5004B37BF /* Main.storyboard in Resources */,
			);
			runOnlyForDeploymentPostprocessing = 0;
		};
/* End PBXResourcesBuildPhase section */

/* Begin PBXSourcesBuildPhase section */
		F6349DC22899F6C5004B37BF /* Sources */ = {
			isa = PBXSourcesBuildPhase;
			buildActionMask = 2147483647;
			files = (
				F6349DCE2899F6C5004B37BF /* ViewController.swift in Sources */,
				F6349DE92899FAAF004B37BF /* Example.swift in Sources */,
				F6B4E698289AC489006C0D52 /* Key.swift in Sources */,
				F6B4E682289AB27F006C0D52 /* MovieModel.swift in Sources */,
				F6349DCA2899F6C5004B37BF /* AppDelegate.swift in Sources */,
				F6AA5A3E289FD30D00440730 /* APIManagers.swift in Sources */,
				F6AA5A42289FF7F700440730 /* CastTableViewCell.swift in Sources */,
				F6AA5A40289FF7EA00440730 /* OverViewTableViewCell.swift in Sources */,
				F6349DCC2899F6C5004B37BF /* SceneDelegate.swift in Sources */,
				F6B4E67F289AB26A006C0D52 /* MovieCollectionViewCell.swift in Sources */,
				F6B4E69D289BCA4A006C0D52 /* DetailViewController.swift in Sources */,
			);
			runOnlyForDeploymentPostprocessing = 0;
		};
/* End PBXSourcesBuildPhase section */

/* Begin PBXVariantGroup section */
		F6349DCF2899F6C5004B37BF /* Main.storyboard */ = {
			isa = PBXVariantGroup;
			children = (
				F6349DD02899F6C5004B37BF /* Base */,
			);
			name = Main.storyboard;
			sourceTree = "<group>";
		};
		F6349DD42899F6C6004B37BF /* LaunchScreen.storyboard */ = {
			isa = PBXVariantGroup;
			children = (
				F6349DD52899F6C6004B37BF /* Base */,
			);
			name = LaunchScreen.storyboard;
			sourceTree = "<group>";
		};
/* End PBXVariantGroup section */

/* Begin XCBuildConfiguration section */
		F6349DD82899F6C6004B37BF /* Debug */ = {
			isa = XCBuildConfiguration;
			buildSettings = {
				ALWAYS_SEARCH_USER_PATHS = NO;
				CLANG_ANALYZER_NONNULL = YES;
				CLANG_ANALYZER_NUMBER_OBJECT_CONVERSION = YES_AGGRESSIVE;
				CLANG_CXX_LANGUAGE_STANDARD = "gnu++17";
				CLANG_ENABLE_MODULES = YES;
				CLANG_ENABLE_OBJC_ARC = YES;
				CLANG_ENABLE_OBJC_WEAK = YES;
				CLANG_WARN_BLOCK_CAPTURE_AUTORELEASING = YES;
				CLANG_WARN_BOOL_CONVERSION = YES;
				CLANG_WARN_COMMA = YES;
				CLANG_WARN_CONSTANT_CONVERSION = YES;
				CLANG_WARN_DEPRECATED_OBJC_IMPLEMENTATIONS = YES;
				CLANG_WARN_DIRECT_OBJC_ISA_USAGE = YES_ERROR;
				CLANG_WARN_DOCUMENTATION_COMMENTS = YES;
				CLANG_WARN_EMPTY_BODY = YES;
				CLANG_WARN_ENUM_CONVERSION = YES;
				CLANG_WARN_INFINITE_RECURSION = YES;
				CLANG_WARN_INT_CONVERSION = YES;
				CLANG_WARN_NON_LITERAL_NULL_CONVERSION = YES;
				CLANG_WARN_OBJC_IMPLICIT_RETAIN_SELF = YES;
				CLANG_WARN_OBJC_LITERAL_CONVERSION = YES;
				CLANG_WARN_OBJC_ROOT_CLASS = YES_ERROR;
				CLANG_WARN_QUOTED_INCLUDE_IN_FRAMEWORK_HEADER = YES;
				CLANG_WARN_RANGE_LOOP_ANALYSIS = YES;
				CLANG_WARN_STRICT_PROTOTYPES = YES;
				CLANG_WARN_SUSPICIOUS_MOVE = YES;
				CLANG_WARN_UNGUARDED_AVAILABILITY = YES_AGGRESSIVE;
				CLANG_WARN_UNREACHABLE_CODE = YES;
				CLANG_WARN__DUPLICATE_METHOD_MATCH = YES;
				COPY_PHASE_STRIP = NO;
				DEBUG_INFORMATION_FORMAT = dwarf;
				ENABLE_STRICT_OBJC_MSGSEND = YES;
				ENABLE_TESTABILITY = YES;
				GCC_C_LANGUAGE_STANDARD = gnu11;
				GCC_DYNAMIC_NO_PIC = NO;
				GCC_NO_COMMON_BLOCKS = YES;
				GCC_OPTIMIZATION_LEVEL = 0;
				GCC_PREPROCESSOR_DEFINITIONS = (
					"DEBUG=1",
					"$(inherited)",
				);
				GCC_WARN_64_TO_32_BIT_CONVERSION = YES;
				GCC_WARN_ABOUT_RETURN_TYPE = YES_ERROR;
				GCC_WARN_UNDECLARED_SELECTOR = YES;
				GCC_WARN_UNINITIALIZED_AUTOS = YES_AGGRESSIVE;
				GCC_WARN_UNUSED_FUNCTION = YES;
				GCC_WARN_UNUSED_VARIABLE = YES;
				IPHONEOS_DEPLOYMENT_TARGET = 15.4;
				MTL_ENABLE_DEBUG_INFO = INCLUDE_SOURCE;
				MTL_FAST_MATH = YES;
				ONLY_ACTIVE_ARCH = YES;
				SDKROOT = iphoneos;
				SWIFT_ACTIVE_COMPILATION_CONDITIONS = DEBUG;
				SWIFT_OPTIMIZATION_LEVEL = "-Onone";
			};
			name = Debug;
		};
		F6349DD92899F6C6004B37BF /* Release */ = {
			isa = XCBuildConfiguration;
			buildSettings = {
				ALWAYS_SEARCH_USER_PATHS = NO;
				CLANG_ANALYZER_NONNULL = YES;
				CLANG_ANALYZER_NUMBER_OBJECT_CONVERSION = YES_AGGRESSIVE;
				CLANG_CXX_LANGUAGE_STANDARD = "gnu++17";
				CLANG_ENABLE_MODULES = YES;
				CLANG_ENABLE_OBJC_ARC = YES;
				CLANG_ENABLE_OBJC_WEAK = YES;
				CLANG_WARN_BLOCK_CAPTURE_AUTORELEASING = YES;
				CLANG_WARN_BOOL_CONVERSION = YES;
				CLANG_WARN_COMMA = YES;
				CLANG_WARN_CONSTANT_CONVERSION = YES;
				CLANG_WARN_DEPRECATED_OBJC_IMPLEMENTATIONS = YES;
				CLANG_WARN_DIRECT_OBJC_ISA_USAGE = YES_ERROR;
				CLANG_WARN_DOCUMENTATION_COMMENTS = YES;
				CLANG_WARN_EMPTY_BODY = YES;
				CLANG_WARN_ENUM_CONVERSION = YES;
				CLANG_WARN_INFINITE_RECURSION = YES;
				CLANG_WARN_INT_CONVERSION = YES;
				CLANG_WARN_NON_LITERAL_NULL_CONVERSION = YES;
				CLANG_WARN_OBJC_IMPLICIT_RETAIN_SELF = YES;
				CLANG_WARN_OBJC_LITERAL_CONVERSION = YES;
				CLANG_WARN_OBJC_ROOT_CLASS = YES_ERROR;
				CLANG_WARN_QUOTED_INCLUDE_IN_FRAMEWORK_HEADER = YES;
				CLANG_WARN_RANGE_LOOP_ANALYSIS = YES;
				CLANG_WARN_STRICT_PROTOTYPES = YES;
				CLANG_WARN_SUSPICIOUS_MOVE = YES;
				CLANG_WARN_UNGUARDED_AVAILABILITY = YES_AGGRESSIVE;
				CLANG_WARN_UNREACHABLE_CODE = YES;
				CLANG_WARN__DUPLICATE_METHOD_MATCH = YES;
				COPY_PHASE_STRIP = NO;
				DEBUG_INFORMATION_FORMAT = "dwarf-with-dsym";
				ENABLE_NS_ASSERTIONS = NO;
				ENABLE_STRICT_OBJC_MSGSEND = YES;
				GCC_C_LANGUAGE_STANDARD = gnu11;
				GCC_NO_COMMON_BLOCKS = YES;
				GCC_WARN_64_TO_32_BIT_CONVERSION = YES;
				GCC_WARN_ABOUT_RETURN_TYPE = YES_ERROR;
				GCC_WARN_UNDECLARED_SELECTOR = YES;
				GCC_WARN_UNINITIALIZED_AUTOS = YES_AGGRESSIVE;
				GCC_WARN_UNUSED_FUNCTION = YES;
				GCC_WARN_UNUSED_VARIABLE = YES;
				IPHONEOS_DEPLOYMENT_TARGET = 15.4;
				MTL_ENABLE_DEBUG_INFO = NO;
				MTL_FAST_MATH = YES;
				SDKROOT = iphoneos;
				SWIFT_COMPILATION_MODE = wholemodule;
				SWIFT_OPTIMIZATION_LEVEL = "-O";
				VALIDATE_PRODUCT = YES;
			};
			name = Release;
		};
		F6349DDB2899F6C6004B37BF /* Debug */ = {
			isa = XCBuildConfiguration;
			buildSettings = {
				ASSETCATALOG_COMPILER_APPICON_NAME = AppIcon;
				ASSETCATALOG_COMPILER_GLOBAL_ACCENT_COLOR_NAME = AccentColor;
				CODE_SIGN_STYLE = Automatic;
				CURRENT_PROJECT_VERSION = 1;
				DEVELOPMENT_TEAM = FJNF7APGSX;
				GENERATE_INFOPLIST_FILE = YES;
				INFOPLIST_FILE = "SeSAC Week5 TMDB API/Info.plist";
				INFOPLIST_KEY_UIApplicationSupportsIndirectInputEvents = YES;
				INFOPLIST_KEY_UILaunchStoryboardName = LaunchScreen;
				INFOPLIST_KEY_UIMainStoryboardFile = Main;
				INFOPLIST_KEY_UISupportedInterfaceOrientations = UIInterfaceOrientationPortrait;
				INFOPLIST_KEY_UISupportedInterfaceOrientations_iPad = "UIInterfaceOrientationPortrait UIInterfaceOrientationPortraitUpsideDown UIInterfaceOrientationLandscapeLeft UIInterfaceOrientationLandscapeRight";
				INFOPLIST_KEY_UISupportedInterfaceOrientations_iPhone = "UIInterfaceOrientationPortrait UIInterfaceOrientationLandscapeLeft UIInterfaceOrientationLandscapeRight";
				IPHONEOS_DEPLOYMENT_TARGET = 15.0;
				LD_RUNPATH_SEARCH_PATHS = (
					"$(inherited)",
					"@executable_path/Frameworks",
				);
				MARKETING_VERSION = 1.0;
				PRODUCT_BUNDLE_IDENTIFIER = "com.rOarMJ.SeSAC-Week5-TMDB-API";
				PRODUCT_NAME = "$(TARGET_NAME)";
				SWIFT_EMIT_LOC_STRINGS = YES;
				SWIFT_VERSION = 5.0;
				TARGETED_DEVICE_FAMILY = 1;
			};
			name = Debug;
		};
		F6349DDC2899F6C6004B37BF /* Release */ = {
			isa = XCBuildConfiguration;
			buildSettings = {
				ASSETCATALOG_COMPILER_APPICON_NAME = AppIcon;
				ASSETCATALOG_COMPILER_GLOBAL_ACCENT_COLOR_NAME = AccentColor;
				CODE_SIGN_STYLE = Automatic;
				CURRENT_PROJECT_VERSION = 1;
				DEVELOPMENT_TEAM = FJNF7APGSX;
				GENERATE_INFOPLIST_FILE = YES;
				INFOPLIST_FILE = "SeSAC Week5 TMDB API/Info.plist";
				INFOPLIST_KEY_UIApplicationSupportsIndirectInputEvents = YES;
				INFOPLIST_KEY_UILaunchStoryboardName = LaunchScreen;
				INFOPLIST_KEY_UIMainStoryboardFile = Main;
				INFOPLIST_KEY_UISupportedInterfaceOrientations = UIInterfaceOrientationPortrait;
				INFOPLIST_KEY_UISupportedInterfaceOrientations_iPad = "UIInterfaceOrientationPortrait UIInterfaceOrientationPortraitUpsideDown UIInterfaceOrientationLandscapeLeft UIInterfaceOrientationLandscapeRight";
				INFOPLIST_KEY_UISupportedInterfaceOrientations_iPhone = "UIInterfaceOrientationPortrait UIInterfaceOrientationLandscapeLeft UIInterfaceOrientationLandscapeRight";
				IPHONEOS_DEPLOYMENT_TARGET = 15.0;
				LD_RUNPATH_SEARCH_PATHS = (
					"$(inherited)",
					"@executable_path/Frameworks",
				);
				MARKETING_VERSION = 1.0;
				PRODUCT_BUNDLE_IDENTIFIER = "com.rOarMJ.SeSAC-Week5-TMDB-API";
				PRODUCT_NAME = "$(TARGET_NAME)";
				SWIFT_EMIT_LOC_STRINGS = YES;
				SWIFT_VERSION = 5.0;
				TARGETED_DEVICE_FAMILY = 1;
			};
			name = Release;
		};
/* End XCBuildConfiguration section */

/* Begin XCConfigurationList section */
		F6349DC12899F6C5004B37BF /* Build configuration list for PBXProject "SeSAC Week5 TMDB API" */ = {
			isa = XCConfigurationList;
			buildConfigurations = (
				F6349DD82899F6C6004B37BF /* Debug */,
				F6349DD92899F6C6004B37BF /* Release */,
			);
			defaultConfigurationIsVisible = 0;
			defaultConfigurationName = Release;
		};
		F6349DDA2899F6C6004B37BF /* Build configuration list for PBXNativeTarget "SeSAC Week5 TMDB API" */ = {
			isa = XCConfigurationList;
			buildConfigurations = (
				F6349DDB2899F6C6004B37BF /* Debug */,
				F6349DDC2899F6C6004B37BF /* Release */,
			);
			defaultConfigurationIsVisible = 0;
			defaultConfigurationName = Release;
		};
/* End XCConfigurationList section */

/* Begin XCRemoteSwiftPackageReference section */
		F6B4E683289AB55A006C0D52 /* XCRemoteSwiftPackageReference "Alamofire" */ = {
			isa = XCRemoteSwiftPackageReference;
			repositoryURL = "https://github.com/Alamofire/Alamofire";
			requirement = {
				kind = upToNextMajorVersion;
				minimumVersion = 5.0.0;
			};
		};
		F6B4E686289AB568006C0D52 /* XCRemoteSwiftPackageReference "SwiftyJSON" */ = {
			isa = XCRemoteSwiftPackageReference;
			repositoryURL = "https://github.com/SwiftyJSON/SwiftyJSON.git";
			requirement = {
				kind = upToNextMajorVersion;
				minimumVersion = 5.0.0;
			};
		};
		F6B4E689289AB575006C0D52 /* XCRemoteSwiftPackageReference "Kingfisher" */ = {
			isa = XCRemoteSwiftPackageReference;
			repositoryURL = "https://github.com/onevcat/Kingfisher.git";
			requirement = {
				kind = upToNextMajorVersion;
				minimumVersion = 7.0.0;
			};
		};
		F6B4E68C289AB5E4006C0D52 /* XCRemoteSwiftPackageReference "IQKeyboardManager" */ = {
			isa = XCRemoteSwiftPackageReference;
			repositoryURL = "https://github.com/hackiftekhar/IQKeyboardManager";
			requirement = {
				kind = exactVersion;
				version = 6.5.0;
			};
		};
		F6B4E68F289AB5FB006C0D52 /* XCRemoteSwiftPackageReference "TextFieldEffects" */ = {
			isa = XCRemoteSwiftPackageReference;
			repositoryURL = "https://github.com/raulriera/TextFieldEffects";
			requirement = {
				kind = upToNextMajorVersion;
				minimumVersion = 1.0.0;
			};
		};
/* End XCRemoteSwiftPackageReference section */

/* Begin XCSwiftPackageProductDependency section */
		F6B4E684289AB55A006C0D52 /* Alamofire */ = {
			isa = XCSwiftPackageProductDependency;
			package = F6B4E683289AB55A006C0D52 /* XCRemoteSwiftPackageReference "Alamofire" */;
			productName = Alamofire;
		};
		F6B4E687289AB568006C0D52 /* SwiftyJSON */ = {
			isa = XCSwiftPackageProductDependency;
			package = F6B4E686289AB568006C0D52 /* XCRemoteSwiftPackageReference "SwiftyJSON" */;
			productName = SwiftyJSON;
		};
		F6B4E68A289AB575006C0D52 /* Kingfisher */ = {
			isa = XCSwiftPackageProductDependency;
			package = F6B4E689289AB575006C0D52 /* XCRemoteSwiftPackageReference "Kingfisher" */;
			productName = Kingfisher;
		};
		F6B4E68D289AB5E4006C0D52 /* IQKeyboardManagerSwift */ = {
			isa = XCSwiftPackageProductDependency;
			package = F6B4E68C289AB5E4006C0D52 /* XCRemoteSwiftPackageReference "IQKeyboardManager" */;
			productName = IQKeyboardManagerSwift;
		};
		F6B4E690289AB5FB006C0D52 /* TextFieldEffects */ = {
			isa = XCSwiftPackageProductDependency;
			package = F6B4E68F289AB5FB006C0D52 /* XCRemoteSwiftPackageReference "TextFieldEffects" */;
			productName = TextFieldEffects;
		};
/* End XCSwiftPackageProductDependency section */
	};
	rootObject = F6349DBE2899F6C5004B37BF /* Project object */;
}
